// !$*UTF8*$!
{
	archiveVersion = 1;
	classes = {
	};
	objectVersion = 50;
	objects = {

/* Begin PBXBuildFile section */
		60B8A8B323F46E7C000067FB /* AppDelegate.swift in Sources */ = {isa = PBXBuildFile; fileRef = 60B8A8B223F46E7C000067FB /* AppDelegate.swift */; };
		60B8A8B523F46E7C000067FB /* ViewController.swift in Sources */ = {isa = PBXBuildFile; fileRef = 60B8A8B423F46E7C000067FB /* ViewController.swift */; };
		60B8A8B823F46E7C000067FB /* Main.storyboard in Resources */ = {isa = PBXBuildFile; fileRef = 60B8A8B623F46E7C000067FB /* Main.storyboard */; };
		60B8A8BA23F46E7E000067FB /* Assets.xcassets in Resources */ = {isa = PBXBuildFile; fileRef = 60B8A8B923F46E7E000067FB /* Assets.xcassets */; };
		60B8A8BD23F46E7E000067FB /* LaunchScreen.storyboard in Resources */ = {isa = PBXBuildFile; fileRef = 60B8A8BB23F46E7E000067FB /* LaunchScreen.storyboard */; };
		60B8A8C823F46EA9000067FB /* Card.swift in Sources */ = {isa = PBXBuildFile; fileRef = 60B8A8C723F46EA9000067FB /* Card.swift */; };
		60B8A8CB23F46F46000067FB /* Concentration.swift in Sources */ = {isa = PBXBuildFile; fileRef = 60B8A8CA23F46F46000067FB /* Concentration.swift */; };
		60B8A8CD23F484DA000067FB /* Theme.swift in Sources */ = {isa = PBXBuildFile; fileRef = 60B8A8CC23F484DA000067FB /* Theme.swift */; };
/* End PBXBuildFile section */

/* Begin PBXFileReference section */
		60B8A8AF23F46E7C000067FB /* ConcentrationHomework.app */ = {isa = PBXFileReference; explicitFileType = wrapper.application; includeInIndex = 0; path = ConcentrationHomework.app; sourceTree = BUILT_PRODUCTS_DIR; };
		60B8A8B223F46E7C000067FB /* AppDelegate.swift */ = {isa = PBXFileReference; lastKnownFileType = sourcecode.swift; path = AppDelegate.swift; sourceTree = "<group>"; };
		60B8A8B423F46E7C000067FB /* ViewController.swift */ = {isa = PBXFileReference; lastKnownFileType = sourcecode.swift; path = ViewController.swift; sourceTree = "<group>"; };
		60B8A8B723F46E7C000067FB /* Base */ = {isa = PBXFileReference; lastKnownFileType = file.storyboard; name = Base; path = Base.lproj/Main.storyboard; sourceTree = "<group>"; };
		60B8A8B923F46E7E000067FB /* Assets.xcassets */ = {isa = PBXFileReference; lastKnownFileType = folder.assetcatalog; path = Assets.xcassets; sourceTree = "<group>"; };
		60B8A8BC23F46E7E000067FB /* Base */ = {isa = PBXFileReference; lastKnownFileType = file.storyboard; name = Base; path = Base.lproj/LaunchScreen.storyboard; sourceTree = "<group>"; };
		60B8A8BE23F46E7E000067FB /* Info.plist */ = {isa = PBXFileReference; lastKnownFileType = text.plist.xml; path = Info.plist; sourceTree = "<group>"; };
		60B8A8C723F46EA9000067FB /* Card.swift */ = {isa = PBXFileReference; lastKnownFileType = sourcecode.swift; path = Card.swift; sourceTree = "<group>"; };
		60B8A8CA23F46F46000067FB /* Concentration.swift */ = {isa = PBXFileReference; lastKnownFileType = sourcecode.swift; path = Concentration.swift; sourceTree = "<group>"; };
		60B8A8CC23F484DA000067FB /* Theme.swift */ = {isa = PBXFileReference; lastKnownFileType = sourcecode.swift; path = Theme.swift; sourceTree = "<group>"; };
/* End PBXFileReference section */

/* Begin PBXFrameworksBuildPhase section */
		60B8A8AC23F46E7C000067FB /* Frameworks */ = {
			isa = PBXFrameworksBuildPhase;
			buildActionMask = 2147483647;
			files = (
			);
			runOnlyForDeploymentPostprocessing = 0;
		};
/* End PBXFrameworksBuildPhase section */

/* Begin PBXGroup section */
		60B8A8A623F46E7C000067FB = {
			isa = PBXGroup;
			children = (
				60B8A8B123F46E7C000067FB /* ConcentrationHomework */,
				60B8A8B023F46E7C000067FB /* Products */,
			);
			sourceTree = "<group>";
		};
		60B8A8B023F46E7C000067FB /* Products */ = {
			isa = PBXGroup;
			children = (
				60B8A8AF23F46E7C000067FB /* ConcentrationHomework.app */,
			);
			name = Products;
			sourceTree = "<group>";
		};
		60B8A8B123F46E7C000067FB /* ConcentrationHomework */ = {
			isa = PBXGroup;
			children = (
				60B8A8C623F46E92000067FB /* Controller */,
				60B8A8C523F46E8C000067FB /* View */,
				60B8A8C423F46E86000067FB /* Model */,
				60B8A8B223F46E7C000067FB /* AppDelegate.swift */,
				60B8A8B923F46E7E000067FB /* Assets.xcassets */,
				60B8A8BB23F46E7E000067FB /* LaunchScreen.storyboard */,
				60B8A8BE23F46E7E000067FB /* Info.plist */,
			);
			path = ConcentrationHomework;
			sourceTree = "<group>";
		};
		60B8A8C423F46E86000067FB /* Model */ = {
			isa = PBXGroup;
			children = (
				60B8A8C723F46EA9000067FB /* Card.swift */,
				60B8A8CA23F46F46000067FB /* Concentration.swift */,
				60B8A8CC23F484DA000067FB /* Theme.swift */,
			);
			path = Model;
			sourceTree = "<group>";
		};
		60B8A8C523F46E8C000067FB /* View */ = {
			isa = PBXGroup;
			children = (
				60B8A8B623F46E7C000067FB /* Main.storyboard */,
			);
			path = View;
			sourceTree = "<group>";
		};
		60B8A8C623F46E92000067FB /* Controller */ = {
			isa = PBXGroup;
			children = (
				60B8A8B423F46E7C000067FB /* ViewController.swift */,
			);
			path = Controller;
			sourceTree = "<group>";
		};
/* End PBXGroup section */

/* Begin PBXNativeTarget section */
		60B8A8AE23F46E7C000067FB /* ConcentrationHomework */ = {
			isa = PBXNativeTarget;
			buildConfigurationList = 60B8A8C123F46E7E000067FB /* Build configuration list for PBXNativeTarget "ConcentrationHomework" */;
			buildPhases = (
				60B8A8AB23F46E7C000067FB /* Sources */,
				60B8A8AC23F46E7C000067FB /* Frameworks */,
				60B8A8AD23F46E7C000067FB /* Resources */,
			);
			buildRules = (
			);
			dependencies = (
			);
			name = ConcentrationHomework;
			productName = ConcentrationHomework;
			productReference = 60B8A8AF23F46E7C000067FB /* ConcentrationHomework.app */;
			productType = "com.apple.product-type.application";
		};
/* End PBXNativeTarget section */

/* Begin PBXProject section */
		60B8A8A723F46E7C000067FB /* Project object */ = {
			isa = PBXProject;
			attributes = {
				LastSwiftUpdateCheck = 1030;
				LastUpgradeCheck = 1030;
				ORGANIZATIONNAME = "Mina Milosavljevic";
				TargetAttributes = {
					60B8A8AE23F46E7C000067FB = {
						CreatedOnToolsVersion = 10.3;
					};
				};
			};
			buildConfigurationList = 60B8A8AA23F46E7C000067FB /* Build configuration list for PBXProject "ConcentrationHomework" */;
			compatibilityVersion = "Xcode 9.3";
			developmentRegion = en;
			hasScannedForEncodings = 0;
			knownRegions = (
				en,
				Base,
			);
			mainGroup = 60B8A8A623F46E7C000067FB;
			productRefGroup = 60B8A8B023F46E7C000067FB /* Products */;
			projectDirPath = "";
			projectRoot = "";
			targets = (
				60B8A8AE23F46E7C000067FB /* ConcentrationHomework */,
			);
		};
/* End PBXProject section */

/* Begin PBXResourcesBuildPhase section */
		60B8A8AD23F46E7C000067FB /* Resources */ = {
			isa = PBXResourcesBuildPhase;
			buildActionMask = 2147483647;
			files = (
				60B8A8BD23F46E7E000067FB /* LaunchScreen.storyboard in Resources */,
				60B8A8BA23F46E7E000067FB /* Assets.xcassets in Resources */,
				60B8A8B823F46E7C000067FB /* Main.storyboard in Resources */,
			);
			runOnlyForDeploymentPostprocessing = 0;
		};
/* End PBXResourcesBuildPhase section */

/* Begin PBXSourcesBuildPhase section */
		60B8A8AB23F46E7C000067FB /* Sources */ = {
			isa = PBXSourcesBuildPhase;
			buildActionMask = 2147483647;
			files = (
				60B8A8B523F46E7C000067FB /* ViewController.swift in Sources */,
				60B8A8C823F46EA9000067FB /* Card.swift in Sources */,
				60B8A8CD23F484DA000067FB /* Theme.swift in Sources */,
				60B8A8B323F46E7C000067FB /* AppDelegate.swift in Sources */,
				60B8A8CB23F46F46000067FB /* Concentration.swift in Sources */,
			);
			runOnlyForDeploymentPostprocessing = 0;
		};
/* End PBXSourcesBuildPhase section */

/* Begin PBXVariantGroup section */
		60B8A8B623F46E7C000067FB /* Main.storyboard */ = {
			isa = PBXVariantGroup;
			children = (
				60B8A8B723F46E7C000067FB /* Base */,
			);
			name = Main.storyboard;
			sourceTree = "<group>";
		};
		60B8A8BB23F46E7E000067FB /* LaunchScreen.storyboard */ = {
			isa = PBXVariantGroup;
			children = (
				60B8A8BC23F46E7E000067FB /* Base */,
			);
			name = LaunchScreen.storyboard;
			sourceTree = "<group>";
		};
/* End PBXVariantGroup section */

/* Begin XCBuildConfiguration section */
		60B8A8BF23F46E7E000067FB /* Debug */ = {
			isa = XCBuildConfiguration;
			buildSettings = {
				ALWAYS_SEARCH_USER_PATHS = NO;
				CLANG_ANALYZER_NONNULL = YES;
				CLANG_ANALYZER_NUMBER_OBJECT_CONVERSION = YES_AGGRESSIVE;
				CLANG_CXX_LANGUAGE_STANDARD = "gnu++14";
				CLANG_CXX_LIBRARY = "libc++";
				CLANG_ENABLE_MODULES = YES;
				CLANG_ENABLE_OBJC_ARC = YES;
				CLANG_ENABLE_OBJC_WEAK = YES;
				CLANG_WARN_BLOCK_CAPTURE_AUTORELEASING = YES;
				CLANG_WARN_BOOL_CONVERSION = YES;
				CLANG_WARN_COMMA = YES;
				CLANG_WARN_CONSTANT_CONVERSION = YES;
				CLANG_WARN_DEPRECATED_OBJC_IMPLEMENTATIONS = YES;
				CLANG_WARN_DIRECT_OBJC_ISA_USAGE = YES_ERROR;
				CLANG_WARN_DOCUMENTATION_COMMENTS = YES;
				CLANG_WARN_EMPTY_BODY = YES;
				CLANG_WARN_ENUM_CONVERSION = YES;
				CLANG_WARN_INFINITE_RECURSION = YES;
				CLANG_WARN_INT_CONVERSION = YES;
				CLANG_WARN_NON_LITERAL_NULL_CONVERSION = YES;
				CLANG_WARN_OBJC_IMPLICIT_RETAIN_SELF = YES;
				CLANG_WARN_OBJC_LITERAL_CONVERSION = YES;
				CLANG_WARN_OBJC_ROOT_CLASS = YES_ERROR;
				CLANG_WARN_RANGE_LOOP_ANALYSIS = YES;
				CLANG_WARN_STRICT_PROTOTYPES = YES;
				CLANG_WARN_SUSPICIOUS_MOVE = YES;
				CLANG_WARN_UNGUARDED_AVAILABILITY = YES_AGGRESSIVE;
				CLANG_WARN_UNREACHABLE_CODE = YES;
				CLANG_WARN__DUPLICATE_METHOD_MATCH = YES;
				CODE_SIGN_IDENTITY = "iPhone Developer";
				COPY_PHASE_STRIP = NO;
				DEBUG_INFORMATION_FORMAT = dwarf;
				ENABLE_STRICT_OBJC_MSGSEND = YES;
				ENABLE_TESTABILITY = YES;
				GCC_C_LANGUAGE_STANDARD = gnu11;
				GCC_DYNAMIC_NO_PIC = NO;
				GCC_NO_COMMON_BLOCKS = YES;
				GCC_OPTIMIZATION_LEVEL = 0;
				GCC_PREPROCESSOR_DEFINITIONS = (
					"DEBUG=1",
					"$(inherited)",
				);
				GCC_WARN_64_TO_32_BIT_CONVERSION = YES;
				GCC_WARN_ABOUT_RETURN_TYPE = YES_ERROR;
				GCC_WARN_UNDECLARED_SELECTOR = YES;
				GCC_WARN_UNINITIALIZED_AUTOS = YES_AGGRESSIVE;
				GCC_WARN_UNUSED_FUNCTION = YES;
				GCC_WARN_UNUSED_VARIABLE = YES;
				IPHONEOS_DEPLOYMENT_TARGET = 12.4;
				MTL_ENABLE_DEBUG_INFO = INCLUDE_SOURCE;
				MTL_FAST_MATH = YES;
				ONLY_ACTIVE_ARCH = YES;
				SDKROOT = iphoneos;
				SWIFT_ACTIVE_COMPILATION_CONDITIONS = DEBUG;
				SWIFT_OPTIMIZATION_LEVEL = "-Onone";
			};
			name = Debug;
		};
		60B8A8C023F46E7E000067FB /* Release */ = {
			isa = XCBuildConfiguration;
			buildSettings = {
				ALWAYS_SEARCH_USER_PATHS = NO;
				CLANG_ANALYZER_NONNULL = YES;
				CLANG_ANALYZER_NUMBER_OBJECT_CONVERSION = YES_AGGRESSIVE;
				CLANG_CXX_LANGUAGE_STANDARD = "gnu++14";
				CLANG_CXX_LIBRARY = "libc++";
				CLANG_ENABLE_MODULES = YES;
				CLANG_ENABLE_OBJC_ARC = YES;
				CLANG_ENABLE_OBJC_WEAK = YES;
				CLANG_WARN_BLOCK_CAPTURE_AUTORELEASING = YES;
				CLANG_WARN_BOOL_CONVERSION = YES;
				CLANG_WARN_COMMA = YES;
				CLANG_WARN_CONSTANT_CONVERSION = YES;
				CLANG_WARN_DEPRECATED_OBJC_IMPLEMENTATIONS = YES;
				CLANG_WARN_DIRECT_OBJC_ISA_USAGE = YES_ERROR;
				CLANG_WARN_DOCUMENTATION_COMMENTS = YES;
				CLANG_WARN_EMPTY_BODY = YES;
				CLANG_WARN_ENUM_CONVERSION = YES;
				CLANG_WARN_INFINITE_RECURSION = YES;
				CLANG_WARN_INT_CONVERSION = YES;
				CLANG_WARN_NON_LITERAL_NULL_CONVERSION = YES;
				CLANG_WARN_OBJC_IMPLICIT_RETAIN_SELF = YES;
				CLANG_WARN_OBJC_LITERAL_CONVERSION = YES;
				CLANG_WARN_OBJC_ROOT_CLASS = YES_ERROR;
				CLANG_WARN_RANGE_LOOP_ANALYSIS = YES;
				CLANG_WARN_STRICT_PROTOTYPES = YES;
				CLANG_WARN_SUSPICIOUS_MOVE = YES;
				CLANG_WARN_UNGUARDED_AVAILABILITY = YES_AGGRESSIVE;
				CLANG_WARN_UNREACHABLE_CODE = YES;
				CLANG_WARN__DUPLICATE_METHOD_MATCH = YES;
				CODE_SIGN_IDENTITY = "iPhone Developer";
				COPY_PHASE_STRIP = NO;
				DEBUG_INFORMATION_FORMAT = "dwarf-with-dsym";
				ENABLE_NS_ASSERTIONS = NO;
				ENABLE_STRICT_OBJC_MSGSEND = YES;
				GCC_C_LANGUAGE_STANDARD = gnu11;
				GCC_NO_COMMON_BLOCKS = YES;
				GCC_WARN_64_TO_32_BIT_CONVERSION = YES;
				GCC_WARN_ABOUT_RETURN_TYPE = YES_ERROR;
				GCC_WARN_UNDECLARED_SELECTOR = YES;
				GCC_WARN_UNINITIALIZED_AUTOS = YES_AGGRESSIVE;
				GCC_WARN_UNUSED_FUNCTION = YES;
				GCC_WARN_UNUSED_VARIABLE = YES;
				IPHONEOS_DEPLOYMENT_TARGET = 12.4;
				MTL_ENABLE_DEBUG_INFO = NO;
				MTL_FAST_MATH = YES;
				SDKROOT = iphoneos;
				SWIFT_COMPILATION_MODE = wholemodule;
				SWIFT_OPTIMIZATION_LEVEL = "-O";
				VALIDATE_PRODUCT = YES;
			};
			name = Release;
		};
		60B8A8C223F46E7E000067FB /* Debug */ = {
			isa = XCBuildConfiguration;
			buildSettings = {
				ASSETCATALOG_COMPILER_APPICON_NAME = AppIcon;
				CODE_SIGN_STYLE = Automatic;
				INFOPLIST_FILE = ConcentrationHomework/Info.plist;
				LD_RUNPATH_SEARCH_PATHS = (
					"$(inherited)",
					"@executable_path/Frameworks",
				);
				PRODUCT_BUNDLE_IDENTIFIER = com.minam.ConcentrationHomework;
				PRODUCT_NAME = "$(TARGET_NAME)";
				SWIFT_VERSION = 5.0;
				TARGETED_DEVICE_FAMILY = "1,2";
			};
			name = Debug;
		};
		60B8A8C323F46E7E000067FB /* Release */ = {
			isa = XCBuildConfiguration;
			buildSettings = {
				ASSETCATALOG_COMPILER_APPICON_NAME = AppIcon;
				CODE_SIGN_STYLE = Automatic;
				INFOPLIST_FILE = ConcentrationHomework/Info.plist;
				LD_RUNPATH_SEARCH_PATHS = (
					"$(inherited)",
					"@executable_path/Frameworks",
				);
				PRODUCT_BUNDLE_IDENTIFIER = com.minam.ConcentrationHomework;
				PRODUCT_NAME = "$(TARGET_NAME)";
				SWIFT_VERSION = 5.0;
				TARGETED_DEVICE_FAMILY = "1,2";
			};
			name = Release;
		};
/* End XCBuildConfiguration section */

/* Begin XCConfigurationList section */
		60B8A8AA23F46E7C000067FB /* Build configuration list for PBXProject "ConcentrationHomework" */ = {
			isa = XCConfigurationList;
			buildConfigurations = (
				60B8A8BF23F46E7E000067FB /* Debug */,
				60B8A8C023F46E7E000067FB /* Release */,
			);
			defaultConfigurationIsVisible = 0;
			defaultConfigurationName = Release;
		};
		60B8A8C123F46E7E000067FB /* Build configuration list for PBXNativeTarget "ConcentrationHomework" */ = {
			isa = XCConfigurationList;
			buildConfigurations = (
				60B8A8C223F46E7E000067FB /* Debug */,
				60B8A8C323F46E7E000067FB /* Release */,
			);
			defaultConfigurationIsVisible = 0;
			defaultConfigurationName = Release;
		};
/* End XCConfigurationList section */
	};
	rootObject = 60B8A8A723F46E7C000067FB /* Project object */;
}
